<?xml version="1.0" encoding="utf-8"?>
<Project ToolsVersion="4.0" xmlns="http://schemas.microsoft.com/developer/msbuild/2003">
  <ItemGroup>
    <ClCompile Include="source\Scripts\Game.cpp" />
    <ClCompile Include="source\gpch.cpp" />
  </ItemGroup>
  <ItemGroup>
    <ClInclude Include="source\gpch.h" />
    <ClInclude Include="source\Scripts\Game.h" />
  </ItemGroup>
  <ItemGroup>
    <None Include="cpp.hint" />
  </ItemGroup>
</Project>